Microsoft Visual Studio Solution File, Format Version 12.00
# Visual Studio Version 17
VisualStudioVersion = 17.0.31903.59
MinimumVisualStudioVersion = 10.0.40219.1
Project("{9A19103F-16F7-4668-BE54-9A1E7A4F7556}") = "Purview.EventSourcing.SourceGenerator", "Purview.EventSourcing.SourceGenerator\Purview.EventSourcing.SourceGenerator.csproj", "{5F3B8400-EE68-4571-BFA8-C9B2471A7BE0}"
EndProject
Project("{9A19103F-16F7-4668-BE54-9A1E7A4F7556}") = "Purview.EventSourcing.SourceGenerator.IntegrationTests", "Purview.EventSourcing.SourceGenerator.IntegrationTests\Purview.EventSourcing.SourceGenerator.IntegrationTests.csproj", "{17C0F843-8568-4A38-A261-BCB21F676C1F}"
EndProject
Global
	GlobalSection(SolutionConfigurationPlatforms) = preSolution
		Debug|Any CPU = Debug|Any CPU
		Release|Any CPU = Release|Any CPU
	EndGlobalSection
	GlobalSection(ProjectConfigurationPlatforms) = postSolution
		{5F3B8400-EE68-4571-BFA8-C9B2471A7BE0}.Debug|Any CPU.ActiveCfg = Debug|Any CPU
		{5F3B8400-EE68-4571-BFA8-C9B2471A7BE0}.Debug|Any CPU.Build.0 = Debug|Any CPU
		{5F3B8400-EE68-4571-BFA8-C9B2471A7BE0}.Release|Any CPU.ActiveCfg = Release|Any CPU
		{5F3B8400-EE68-4571-BFA8-C9B2471A7BE0}.Release|Any CPU.Build.0 = Release|Any CPU
		{17C0F843-8568-4A38-A261-BCB21F676C1F}.Debug|Any CPU.ActiveCfg = Debug|Any CPU
		{17C0F843-8568-4A38-A261-BCB21F676C1F}.Debug|Any CPU.Build.0 = Debug|Any CPU
		{17C0F843-8568-4A38-A261-BCB21F676C1F}.Release|Any CPU.ActiveCfg = Release|Any CPU
		{17C0F843-8568-4A38-A261-BCB21F676C1F}.Release|Any CPU.Build.0 = Release|Any CPU
	EndGlobalSection
	GlobalSection(SolutionProperties) = preSolution
		HideSolutionNode = FALSE
	EndGlobalSection
	GlobalSection(ExtensibilityGlobals) = postSolution
		SolutionGuid = {A36D164E-EDA9-41C6-88D3-151E15E8D5A6}
	EndGlobalSection
EndGlobal
